
Microsoft Visual Studio Solution File, Format Version 11.00
# Visual Studio 2010
Project("{FAE04EC0-301F-11D3-BF4B-00C04F79EFBC}") = "MvcShaadiApp", "Mvc-Shaadi\MvcShaadiApp.csproj", "{16F45393-3D46-4A2F-9F30-D43D0A88316D}"
EndProject
Global
	GlobalSection(SolutionConfigurationPlatforms) = preSolution
		Debug|Any CPU = Debug|Any CPU
		Release|Any CPU = Release|Any CPU
	EndGlobalSection
	GlobalSection(ProjectConfigurationPlatforms) = postSolution
		{16F45393-3D46-4A2F-9F30-D43D0A88316D}.Debug|Any CPU.ActiveCfg = Debug|Any CPU
		{16F45393-3D46-4A2F-9F30-D43D0A88316D}.Debug|Any CPU.Build.0 = Debug|Any CPU
		{16F45393-3D46-4A2F-9F30-D43D0A88316D}.Release|Any CPU.ActiveCfg = Release|Any CPU
		{16F45393-3D46-4A2F-9F30-D43D0A88316D}.Release|Any CPU.Build.0 = Release|Any CPU
	EndGlobalSection
	GlobalSection(SolutionProperties) = preSolution
		HideSolutionNode = FALSE
	EndGlobalSection
EndGlobal
